
Microsoft Visual Studio Solution File, Format Version 12.00
# Visual Studio Version 16
VisualStudioVersion = 16.0.30114.105
MinimumVisualStudioVersion = 10.0.40219.1
Project("{FAE04EC0-301F-11D3-BF4B-00C04F79EFBC}") = "MusicStore", "MusicStore\MusicStore.csproj", "{92751652-56F6-4DA3-8BBD-CBF53CA8F9C5}"
EndProject
Project("{FAE04EC0-301F-11D3-BF4B-00C04F79EFBC}") = "MusicStore.Tests", "MusicStore.Tests\MusicStore.Tests.csproj", "{807BFE52-03E1-4E40-95CE-176D1A912CDF}"
EndProject
Global
	GlobalSection(SolutionConfigurationPlatforms) = preSolution
		Debug|Any CPU = Debug|Any CPU
		Release|Any CPU = Release|Any CPU
	EndGlobalSection
	GlobalSection(SolutionProperties) = preSolution
		HideSolutionNode = FALSE
	EndGlobalSection
	GlobalSection(ProjectConfigurationPlatforms) = postSolution
		{92751652-56F6-4DA3-8BBD-CBF53CA8F9C5}.Debug|Any CPU.ActiveCfg = Debug|Any CPU
		{92751652-56F6-4DA3-8BBD-CBF53CA8F9C5}.Debug|Any CPU.Build.0 = Debug|Any CPU
		{92751652-56F6-4DA3-8BBD-CBF53CA8F9C5}.Release|Any CPU.ActiveCfg = Release|Any CPU
		{92751652-56F6-4DA3-8BBD-CBF53CA8F9C5}.Release|Any CPU.Build.0 = Release|Any CPU
		{807BFE52-03E1-4E40-95CE-176D1A912CDF}.Debug|Any CPU.ActiveCfg = Debug|Any CPU
		{807BFE52-03E1-4E40-95CE-176D1A912CDF}.Debug|Any CPU.Build.0 = Debug|Any CPU
		{807BFE52-03E1-4E40-95CE-176D1A912CDF}.Release|Any CPU.ActiveCfg = Release|Any CPU
		{807BFE52-03E1-4E40-95CE-176D1A912CDF}.Release|Any CPU.Build.0 = Release|Any CPU
	EndGlobalSection
EndGlobal
